Microsoft Visual Studio Solution File, Format Version 11.00
# Visual Studio 2008

Project("{1BB42BD2-FD4B-0F7E-291D-523C1CC3C126}") = "WilloughbyGame", "Assembly-CSharp.csproj", "{613BCBEB-8494-16D0-F8A4-2EA50043C9A8}"
EndProject
Project("{1BB42BD2-FD4B-0F7E-291D-523C1CC3C126}") = "WilloughbyGame", "Assembly-CSharp-Editor.csproj", "{27B8EA36-E185-948C-EC35-56F009E726A1}"
EndProject
Global
	GlobalSection(SolutionConfigurationPlatforms) = preSolution
		Debug|Any CPU = Debug|Any CPU
		Release|Any CPU = Release|Any CPU
	EndGlobalSection
	GlobalSection(ProjectConfigurationPlatforms) = postSolution
		{613BCBEB-8494-16D0-F8A4-2EA50043C9A8}.Debug|Any CPU.ActiveCfg = Debug|Any CPU
		{613BCBEB-8494-16D0-F8A4-2EA50043C9A8}.Debug|Any CPU.Build.0 = Debug|Any CPU
		{613BCBEB-8494-16D0-F8A4-2EA50043C9A8}.Release|Any CPU.ActiveCfg = Release|Any CPU
		{613BCBEB-8494-16D0-F8A4-2EA50043C9A8}.Release|Any CPU.Build.0 = Release|Any CPU
		{27B8EA36-E185-948C-EC35-56F009E726A1}.Debug|Any CPU.ActiveCfg = Debug|Any CPU
		{27B8EA36-E185-948C-EC35-56F009E726A1}.Debug|Any CPU.Build.0 = Debug|Any CPU
		{27B8EA36-E185-948C-EC35-56F009E726A1}.Release|Any CPU.ActiveCfg = Release|Any CPU
		{27B8EA36-E185-948C-EC35-56F009E726A1}.Release|Any CPU.Build.0 = Release|Any CPU
	EndGlobalSection
	GlobalSection(SolutionProperties) = preSolution
		HideSolutionNode = FALSE
	EndGlobalSection
	GlobalSection(MonoDevelopProperties) = preSolution
		StartupItem = Assembly-CSharp.csproj
	EndGlobalSection
EndGlobal
